// !$*UTF8*$!
{
	archiveVersion = 1;
	classes = {
	};
	objectVersion = 56;
	objects = {

/* Begin PBXBuildFile section */
		A930B29F2A1BC89C00D89CBA /* CryptoCurrency.swift in Sources */ = {isa = PBXBuildFile; fileRef = A930B29E2A1BC89C00D89CBA /* CryptoCurrency.swift */; };
		A930B2A22A1BCB5500D89CBA /* WebService.swift in Sources */ = {isa = PBXBuildFile; fileRef = A930B2A12A1BCB5500D89CBA /* WebService.swift */; };
		A930B2A42A1BD3F700D89CBA /* CryptoViewModel.swift in Sources */ = {isa = PBXBuildFile; fileRef = A930B2A32A1BD3F700D89CBA /* CryptoViewModel.swift */; };
		A95BC27B2A1BA68E0019BCDE /* AppDelegate.swift in Sources */ = {isa = PBXBuildFile; fileRef = A95BC27A2A1BA68E0019BCDE /* AppDelegate.swift */; };
		A95BC27D2A1BA68E0019BCDE /* SceneDelegate.swift in Sources */ = {isa = PBXBuildFile; fileRef = A95BC27C2A1BA68E0019BCDE /* SceneDelegate.swift */; };
		A95BC27F2A1BA68E0019BCDE /* ViewController.swift in Sources */ = {isa = PBXBuildFile; fileRef = A95BC27E2A1BA68E0019BCDE /* ViewController.swift */; };
		A95BC2822A1BA68E0019BCDE /* Main.storyboard in Resources */ = {isa = PBXBuildFile; fileRef = A95BC2802A1BA68E0019BCDE /* Main.storyboard */; };
		A95BC2842A1BA68F0019BCDE /* Assets.xcassets in Resources */ = {isa = PBXBuildFile; fileRef = A95BC2832A1BA68F0019BCDE /* Assets.xcassets */; };
		A95BC2872A1BA68F0019BCDE /* LaunchScreen.storyboard in Resources */ = {isa = PBXBuildFile; fileRef = A95BC2852A1BA68F0019BCDE /* LaunchScreen.storyboard */; };
		A95BC28F2A1BAA200019BCDE /* CryptoTableViewCell.swift in Sources */ = {isa = PBXBuildFile; fileRef = A95BC28E2A1BAA200019BCDE /* CryptoTableViewCell.swift */; };
/* End PBXBuildFile section */

/* Begin PBXFileReference section */
		A930B29E2A1BC89C00D89CBA /* CryptoCurrency.swift */ = {isa = PBXFileReference; lastKnownFileType = sourcecode.swift; path = CryptoCurrency.swift; sourceTree = "<group>"; };
		A930B2A12A1BCB5500D89CBA /* WebService.swift */ = {isa = PBXFileReference; lastKnownFileType = sourcecode.swift; path = WebService.swift; sourceTree = "<group>"; };
		A930B2A32A1BD3F700D89CBA /* CryptoViewModel.swift */ = {isa = PBXFileReference; lastKnownFileType = sourcecode.swift; path = CryptoViewModel.swift; sourceTree = "<group>"; };
		A95BC2772A1BA68E0019BCDE /* CryptoCoin_Maniac.app */ = {isa = PBXFileReference; explicitFileType = wrapper.application; includeInIndex = 0; path = CryptoCoin_Maniac.app; sourceTree = BUILT_PRODUCTS_DIR; };
		A95BC27A2A1BA68E0019BCDE /* AppDelegate.swift */ = {isa = PBXFileReference; lastKnownFileType = sourcecode.swift; path = AppDelegate.swift; sourceTree = "<group>"; };
		A95BC27C2A1BA68E0019BCDE /* SceneDelegate.swift */ = {isa = PBXFileReference; lastKnownFileType = sourcecode.swift; path = SceneDelegate.swift; sourceTree = "<group>"; };
		A95BC27E2A1BA68E0019BCDE /* ViewController.swift */ = {isa = PBXFileReference; lastKnownFileType = sourcecode.swift; path = ViewController.swift; sourceTree = "<group>"; };
		A95BC2812A1BA68E0019BCDE /* Base */ = {isa = PBXFileReference; lastKnownFileType = file.storyboard; name = Base; path = Base.lproj/Main.storyboard; sourceTree = "<group>"; };
		A95BC2832A1BA68F0019BCDE /* Assets.xcassets */ = {isa = PBXFileReference; lastKnownFileType = folder.assetcatalog; path = Assets.xcassets; sourceTree = "<group>"; };
		A95BC2862A1BA68F0019BCDE /* Base */ = {isa = PBXFileReference; lastKnownFileType = file.storyboard; name = Base; path = Base.lproj/LaunchScreen.storyboard; sourceTree = "<group>"; };
		A95BC2882A1BA68F0019BCDE /* Info.plist */ = {isa = PBXFileReference; lastKnownFileType = text.plist.xml; path = Info.plist; sourceTree = "<group>"; };
		A95BC28E2A1BAA200019BCDE /* CryptoTableViewCell.swift */ = {isa = PBXFileReference; lastKnownFileType = sourcecode.swift; path = CryptoTableViewCell.swift; sourceTree = "<group>"; };
/* End PBXFileReference section */

/* Begin PBXFrameworksBuildPhase section */
		A95BC2742A1BA68E0019BCDE /* Frameworks */ = {
			isa = PBXFrameworksBuildPhase;
			buildActionMask = 2147483647;
			files = (
			);
			runOnlyForDeploymentPostprocessing = 0;
		};
/* End PBXFrameworksBuildPhase section */

/* Begin PBXGroup section */
		A930B29B2A1BC80900D89CBA /* View */ = {
			isa = PBXGroup;
			children = (
				A95BC27A2A1BA68E0019BCDE /* AppDelegate.swift */,
				A95BC27C2A1BA68E0019BCDE /* SceneDelegate.swift */,
				A95BC28E2A1BAA200019BCDE /* CryptoTableViewCell.swift */,
				A95BC27E2A1BA68E0019BCDE /* ViewController.swift */,
			);
			path = View;
			sourceTree = "<group>";
		};
		A930B29C2A1BC81300D89CBA /* Model */ = {
			isa = PBXGroup;
			children = (
				A930B29E2A1BC89C00D89CBA /* CryptoCurrency.swift */,
			);
			path = Model;
			sourceTree = "<group>";
		};
		A930B29D2A1BC82700D89CBA /* ViewModel */ = {
			isa = PBXGroup;
			children = (
				A930B2A32A1BD3F700D89CBA /* CryptoViewModel.swift */,
			);
			path = ViewModel;
			sourceTree = "<group>";
		};
		A930B2A02A1BCB2C00D89CBA /* Service */ = {
			isa = PBXGroup;
			children = (
				A930B2A12A1BCB5500D89CBA /* WebService.swift */,
			);
			path = Service;
			sourceTree = "<group>";
		};
		A95BC26E2A1BA68E0019BCDE = {
			isa = PBXGroup;
			children = (
				A95BC2792A1BA68E0019BCDE /* CryptoCoin_Maniac */,
				A95BC2782A1BA68E0019BCDE /* Products */,
			);
			sourceTree = "<group>";
		};
		A95BC2782A1BA68E0019BCDE /* Products */ = {
			isa = PBXGroup;
			children = (
				A95BC2772A1BA68E0019BCDE /* CryptoCoin_Maniac.app */,
			);
			name = Products;
			sourceTree = "<group>";
		};
		A95BC2792A1BA68E0019BCDE /* CryptoCoin_Maniac */ = {
			isa = PBXGroup;
			children = (
				A930B2A02A1BCB2C00D89CBA /* Service */,
				A930B29D2A1BC82700D89CBA /* ViewModel */,
				A930B29C2A1BC81300D89CBA /* Model */,
				A930B29B2A1BC80900D89CBA /* View */,
				A95BC2802A1BA68E0019BCDE /* Main.storyboard */,
				A95BC2832A1BA68F0019BCDE /* Assets.xcassets */,
				A95BC2852A1BA68F0019BCDE /* LaunchScreen.storyboard */,
				A95BC2882A1BA68F0019BCDE /* Info.plist */,
			);
			path = CryptoCoin_Maniac;
			sourceTree = "<group>";
		};
/* End PBXGroup section */

/* Begin PBXNativeTarget section */
		A95BC2762A1BA68E0019BCDE /* CryptoCoin_Maniac */ = {
			isa = PBXNativeTarget;
			buildConfigurationList = A95BC28B2A1BA68F0019BCDE /* Build configuration list for PBXNativeTarget "CryptoCoin_Maniac" */;
			buildPhases = (
				A95BC2732A1BA68E0019BCDE /* Sources */,
				A95BC2742A1BA68E0019BCDE /* Frameworks */,
				A95BC2752A1BA68E0019BCDE /* Resources */,
			);
			buildRules = (
			);
			dependencies = (
			);
			name = CryptoCoin_Maniac;
			productName = CryptoCoin_Maniac;
			productReference = A95BC2772A1BA68E0019BCDE /* CryptoCoin_Maniac.app */;
			productType = "com.apple.product-type.application";
		};
/* End PBXNativeTarget section */

/* Begin PBXProject section */
		A95BC26F2A1BA68E0019BCDE /* Project object */ = {
			isa = PBXProject;
			attributes = {
				BuildIndependentTargetsInParallel = 1;
				LastSwiftUpdateCheck = 1430;
				LastUpgradeCheck = 1430;
				TargetAttributes = {
					A95BC2762A1BA68E0019BCDE = {
						CreatedOnToolsVersion = 14.3;
					};
				};
			};
			buildConfigurationList = A95BC2722A1BA68E0019BCDE /* Build configuration list for PBXProject "CryptoCoin_Maniac" */;
			compatibilityVersion = "Xcode 14.0";
			developmentRegion = en;
			hasScannedForEncodings = 0;
			knownRegions = (
				en,
				Base,
			);
			mainGroup = A95BC26E2A1BA68E0019BCDE;
			productRefGroup = A95BC2782A1BA68E0019BCDE /* Products */;
			projectDirPath = "";
			projectRoot = "";
			targets = (
				A95BC2762A1BA68E0019BCDE /* CryptoCoin_Maniac */,
			);
		};
/* End PBXProject section */

/* Begin PBXResourcesBuildPhase section */
		A95BC2752A1BA68E0019BCDE /* Resources */ = {
			isa = PBXResourcesBuildPhase;
			buildActionMask = 2147483647;
			files = (
				A95BC2872A1BA68F0019BCDE /* LaunchScreen.storyboard in Resources */,
				A95BC2842A1BA68F0019BCDE /* Assets.xcassets in Resources */,
				A95BC2822A1BA68E0019BCDE /* Main.storyboard in Resources */,
			);
			runOnlyForDeploymentPostprocessing = 0;
		};
/* End PBXResourcesBuildPhase section */

/* Begin PBXSourcesBuildPhase section */
		A95BC2732A1BA68E0019BCDE /* Sources */ = {
			isa = PBXSourcesBuildPhase;
			buildActionMask = 2147483647;
			files = (
				A930B2A22A1BCB5500D89CBA /* WebService.swift in Sources */,
				A95BC28F2A1BAA200019BCDE /* CryptoTableViewCell.swift in Sources */,
				A95BC27F2A1BA68E0019BCDE /* ViewController.swift in Sources */,
				A930B2A42A1BD3F700D89CBA /* CryptoViewModel.swift in Sources */,
				A95BC27B2A1BA68E0019BCDE /* AppDelegate.swift in Sources */,
				A930B29F2A1BC89C00D89CBA /* CryptoCurrency.swift in Sources */,
				A95BC27D2A1BA68E0019BCDE /* SceneDelegate.swift in Sources */,
			);
			runOnlyForDeploymentPostprocessing = 0;
		};
/* End PBXSourcesBuildPhase section */

/* Begin PBXVariantGroup section */
		A95BC2802A1BA68E0019BCDE /* Main.storyboard */ = {
			isa = PBXVariantGroup;
			children = (
				A95BC2812A1BA68E0019BCDE /* Base */,
			);
			name = Main.storyboard;
			sourceTree = "<group>";
		};
		A95BC2852A1BA68F0019BCDE /* LaunchScreen.storyboard */ = {
			isa = PBXVariantGroup;
			children = (
				A95BC2862A1BA68F0019BCDE /* Base */,
			);
			name = LaunchScreen.storyboard;
			sourceTree = "<group>";
		};
/* End PBXVariantGroup section */

/* Begin XCBuildConfiguration section */
		A95BC2892A1BA68F0019BCDE /* Debug */ = {
			isa = XCBuildConfiguration;
			buildSettings = {
				ALWAYS_SEARCH_USER_PATHS = NO;
				CLANG_ANALYZER_NONNULL = YES;
				CLANG_ANALYZER_NUMBER_OBJECT_CONVERSION = YES_AGGRESSIVE;
				CLANG_CXX_LANGUAGE_STANDARD = "gnu++20";
				CLANG_ENABLE_MODULES = YES;
				CLANG_ENABLE_OBJC_ARC = YES;
				CLANG_ENABLE_OBJC_WEAK = YES;
				CLANG_WARN_BLOCK_CAPTURE_AUTORELEASING = YES;
				CLANG_WARN_BOOL_CONVERSION = YES;
				CLANG_WARN_COMMA = YES;
				CLANG_WARN_CONSTANT_CONVERSION = YES;
				CLANG_WARN_DEPRECATED_OBJC_IMPLEMENTATIONS = YES;
				CLANG_WARN_DIRECT_OBJC_ISA_USAGE = YES_ERROR;
				CLANG_WARN_DOCUMENTATION_COMMENTS = YES;
				CLANG_WARN_EMPTY_BODY = YES;
				CLANG_WARN_ENUM_CONVERSION = YES;
				CLANG_WARN_INFINITE_RECURSION = YES;
				CLANG_WARN_INT_CONVERSION = YES;
				CLANG_WARN_NON_LITERAL_NULL_CONVERSION = YES;
				CLANG_WARN_OBJC_IMPLICIT_RETAIN_SELF = YES;
				CLANG_WARN_OBJC_LITERAL_CONVERSION = YES;
				CLANG_WARN_OBJC_ROOT_CLASS = YES_ERROR;
				CLANG_WARN_QUOTED_INCLUDE_IN_FRAMEWORK_HEADER = YES;
				CLANG_WARN_RANGE_LOOP_ANALYSIS = YES;
				CLANG_WARN_STRICT_PROTOTYPES = YES;
				CLANG_WARN_SUSPICIOUS_MOVE = YES;
				CLANG_WARN_UNGUARDED_AVAILABILITY = YES_AGGRESSIVE;
				CLANG_WARN_UNREACHABLE_CODE = YES;
				CLANG_WARN__DUPLICATE_METHOD_MATCH = YES;
				COPY_PHASE_STRIP = NO;
				DEBUG_INFORMATION_FORMAT = dwarf;
				ENABLE_STRICT_OBJC_MSGSEND = YES;
				ENABLE_TESTABILITY = YES;
				GCC_C_LANGUAGE_STANDARD = gnu11;
				GCC_DYNAMIC_NO_PIC = NO;
				GCC_NO_COMMON_BLOCKS = YES;
				GCC_OPTIMIZATION_LEVEL = 0;
				GCC_PREPROCESSOR_DEFINITIONS = (
					"DEBUG=1",
					"$(inherited)",
				);
				GCC_WARN_64_TO_32_BIT_CONVERSION = YES;
				GCC_WARN_ABOUT_RETURN_TYPE = YES_ERROR;
				GCC_WARN_UNDECLARED_SELECTOR = YES;
				GCC_WARN_UNINITIALIZED_AUTOS = YES_AGGRESSIVE;
				GCC_WARN_UNUSED_FUNCTION = YES;
				GCC_WARN_UNUSED_VARIABLE = YES;
				IPHONEOS_DEPLOYMENT_TARGET = 16.4;
				MTL_ENABLE_DEBUG_INFO = INCLUDE_SOURCE;
				MTL_FAST_MATH = YES;
				ONLY_ACTIVE_ARCH = YES;
				SDKROOT = iphoneos;
				SWIFT_ACTIVE_COMPILATION_CONDITIONS = DEBUG;
				SWIFT_OPTIMIZATION_LEVEL = "-Onone";
			};
			name = Debug;
		};
		A95BC28A2A1BA68F0019BCDE /* Release */ = {
			isa = XCBuildConfiguration;
			buildSettings = {
				ALWAYS_SEARCH_USER_PATHS = NO;
				CLANG_ANALYZER_NONNULL = YES;
				CLANG_ANALYZER_NUMBER_OBJECT_CONVERSION = YES_AGGRESSIVE;
				CLANG_CXX_LANGUAGE_STANDARD = "gnu++20";
				CLANG_ENABLE_MODULES = YES;
				CLANG_ENABLE_OBJC_ARC = YES;
				CLANG_ENABLE_OBJC_WEAK = YES;
				CLANG_WARN_BLOCK_CAPTURE_AUTORELEASING = YES;
				CLANG_WARN_BOOL_CONVERSION = YES;
				CLANG_WARN_COMMA = YES;
				CLANG_WARN_CONSTANT_CONVERSION = YES;
				CLANG_WARN_DEPRECATED_OBJC_IMPLEMENTATIONS = YES;
				CLANG_WARN_DIRECT_OBJC_ISA_USAGE = YES_ERROR;
				CLANG_WARN_DOCUMENTATION_COMMENTS = YES;
				CLANG_WARN_EMPTY_BODY = YES;
				CLANG_WARN_ENUM_CONVERSION = YES;
				CLANG_WARN_INFINITE_RECURSION = YES;
				CLANG_WARN_INT_CONVERSION = YES;
				CLANG_WARN_NON_LITERAL_NULL_CONVERSION = YES;
				CLANG_WARN_OBJC_IMPLICIT_RETAIN_SELF = YES;
				CLANG_WARN_OBJC_LITERAL_CONVERSION = YES;
				CLANG_WARN_OBJC_ROOT_CLASS = YES_ERROR;
				CLANG_WARN_QUOTED_INCLUDE_IN_FRAMEWORK_HEADER = YES;
				CLANG_WARN_RANGE_LOOP_ANALYSIS = YES;
				CLANG_WARN_STRICT_PROTOTYPES = YES;
				CLANG_WARN_SUSPICIOUS_MOVE = YES;
				CLANG_WARN_UNGUARDED_AVAILABILITY = YES_AGGRESSIVE;
				CLANG_WARN_UNREACHABLE_CODE = YES;
				CLANG_WARN__DUPLICATE_METHOD_MATCH = YES;
				COPY_PHASE_STRIP = NO;
				DEBUG_INFORMATION_FORMAT = "dwarf-with-dsym";
				ENABLE_NS_ASSERTIONS = NO;
				ENABLE_STRICT_OBJC_MSGSEND = YES;
				GCC_C_LANGUAGE_STANDARD = gnu11;
				GCC_NO_COMMON_BLOCKS = YES;
				GCC_WARN_64_TO_32_BIT_CONVERSION = YES;
				GCC_WARN_ABOUT_RETURN_TYPE = YES_ERROR;
				GCC_WARN_UNDECLARED_SELECTOR = YES;
				GCC_WARN_UNINITIALIZED_AUTOS = YES_AGGRESSIVE;
				GCC_WARN_UNUSED_FUNCTION = YES;
				GCC_WARN_UNUSED_VARIABLE = YES;
				IPHONEOS_DEPLOYMENT_TARGET = 16.4;
				MTL_ENABLE_DEBUG_INFO = NO;
				MTL_FAST_MATH = YES;
				SDKROOT = iphoneos;
				SWIFT_COMPILATION_MODE = wholemodule;
				SWIFT_OPTIMIZATION_LEVEL = "-O";
				VALIDATE_PRODUCT = YES;
			};
			name = Release;
		};
		A95BC28C2A1BA68F0019BCDE /* Debug */ = {
			isa = XCBuildConfiguration;
			buildSettings = {
				ASSETCATALOG_COMPILER_APPICON_NAME = AppIcon;
				ASSETCATALOG_COMPILER_GLOBAL_ACCENT_COLOR_NAME = AccentColor;
				CODE_SIGN_STYLE = Automatic;
				CURRENT_PROJECT_VERSION = 1;
				DEVELOPMENT_TEAM = 9577TL6VW8;
				GENERATE_INFOPLIST_FILE = YES;
				INFOPLIST_FILE = CryptoCoin_Maniac/Info.plist;
				INFOPLIST_KEY_UIApplicationSupportsIndirectInputEvents = YES;
				INFOPLIST_KEY_UILaunchStoryboardName = LaunchScreen;
				INFOPLIST_KEY_UIMainStoryboardFile = Main;
				INFOPLIST_KEY_UISupportedInterfaceOrientations = UIInterfaceOrientationPortrait;
				LD_RUNPATH_SEARCH_PATHS = (
					"$(inherited)",
					"@executable_path/Frameworks",
				);
				MARKETING_VERSION = 1.0;
				PRODUCT_BUNDLE_IDENTIFIER = "com.rodrigotelles.CryptoCoin-Maniac";
				PRODUCT_NAME = "$(TARGET_NAME)";
				SWIFT_EMIT_LOC_STRINGS = YES;
				SWIFT_VERSION = 5.0;
				TARGETED_DEVICE_FAMILY = "1,2";
			};
			name = Debug;
		};
		A95BC28D2A1BA68F0019BCDE /* Release */ = {
			isa = XCBuildConfiguration;
			buildSettings = {
				ASSETCATALOG_COMPILER_APPICON_NAME = AppIcon;
				ASSETCATALOG_COMPILER_GLOBAL_ACCENT_COLOR_NAME = AccentColor;
				CODE_SIGN_STYLE = Automatic;
				CURRENT_PROJECT_VERSION = 1;
				DEVELOPMENT_TEAM = 9577TL6VW8;
				GENERATE_INFOPLIST_FILE = YES;
				INFOPLIST_FILE = CryptoCoin_Maniac/Info.plist;
				INFOPLIST_KEY_UIApplicationSupportsIndirectInputEvents = YES;
				INFOPLIST_KEY_UILaunchStoryboardName = LaunchScreen;
				INFOPLIST_KEY_UIMainStoryboardFile = Main;
				INFOPLIST_KEY_UISupportedInterfaceOrientations = UIInterfaceOrientationPortrait;
				LD_RUNPATH_SEARCH_PATHS = (
					"$(inherited)",
					"@executable_path/Frameworks",
				);
				MARKETING_VERSION = 1.0;
				PRODUCT_BUNDLE_IDENTIFIER = "com.rodrigotelles.CryptoCoin-Maniac";
				PRODUCT_NAME = "$(TARGET_NAME)";
				SWIFT_EMIT_LOC_STRINGS = YES;
				SWIFT_VERSION = 5.0;
				TARGETED_DEVICE_FAMILY = "1,2";
			};
			name = Release;
		};
/* End XCBuildConfiguration section */

/* Begin XCConfigurationList section */
		A95BC2722A1BA68E0019BCDE /* Build configuration list for PBXProject "CryptoCoin_Maniac" */ = {
			isa = XCConfigurationList;
			buildConfigurations = (
				A95BC2892A1BA68F0019BCDE /* Debug */,
				A95BC28A2A1BA68F0019BCDE /* Release */,
			);
			defaultConfigurationIsVisible = 0;
			defaultConfigurationName = Release;
		};
		A95BC28B2A1BA68F0019BCDE /* Build configuration list for PBXNativeTarget "CryptoCoin_Maniac" */ = {
			isa = XCConfigurationList;
			buildConfigurations = (
				A95BC28C2A1BA68F0019BCDE /* Debug */,
				A95BC28D2A1BA68F0019BCDE /* Release */,
			);
			defaultConfigurationIsVisible = 0;
			defaultConfigurationName = Release;
		};
/* End XCConfigurationList section */
	};
	rootObject = A95BC26F2A1BA68E0019BCDE /* Project object */;
}
